
Microsoft Visual Studio Solution File, Format Version 12.00
# Visual Studio Version 17
VisualStudioVersion = 17.12.35728.132 d17.12
MinimumVisualStudioVersion = 10.0.40219.1
Project("{FAE04EC0-301F-11D3-BF4B-00C04F79EFBC}") = "Parygmatobj2", "Parygmatobj2.csproj", "{FD853459-EFEA-4A5C-A6C9-6ACC5B7FC523}"
EndProject
Global
	GlobalSection(SolutionConfigurationPlatforms) = preSolution
		Debug|Any CPU = Debug|Any CPU
		Release|Any CPU = Release|Any CPU
	EndGlobalSection
	GlobalSection(ProjectConfigurationPlatforms) = postSolution
		{FD853459-EFEA-4A5C-A6C9-6ACC5B7FC523}.Debug|Any CPU.ActiveCfg = Debug|Any CPU
		{FD853459-EFEA-4A5C-A6C9-6ACC5B7FC523}.Debug|Any CPU.Build.0 = Debug|Any CPU
		{FD853459-EFEA-4A5C-A6C9-6ACC5B7FC523}.Release|Any CPU.ActiveCfg = Release|Any CPU
		{FD853459-EFEA-4A5C-A6C9-6ACC5B7FC523}.Release|Any CPU.Build.0 = Release|Any CPU
	EndGlobalSection
	GlobalSection(SolutionProperties) = preSolution
		HideSolutionNode = FALSE
	EndGlobalSection
EndGlobal
